
Microsoft Visual Studio Solution File, Format Version 12.00
# Visual Studio 15
VisualStudioVersion = 15.0.28010.2046
MinimumVisualStudioVersion = 10.0.40219.1
Project("{FAE04EC0-301F-11D3-BF4B-00C04F79EFBC}") = "Postify.Data", "Postify.Data\Postify.Data.csproj", "{7FDB200A-40A8-4FC2-A215-4822ABC9ADFC}"
EndProject
Project("{FAE04EC0-301F-11D3-BF4B-00C04F79EFBC}") = "Positfy.Web", "Positfy.Web\Positfy.Web.csproj", "{B861D95A-F9A1-473D-8993-7BADFD31FCB0}"
EndProject
Global
	GlobalSection(SolutionConfigurationPlatforms) = preSolution
		Debug|Any CPU = Debug|Any CPU
		Release|Any CPU = Release|Any CPU
	EndGlobalSection
	GlobalSection(ProjectConfigurationPlatforms) = postSolution
		{7FDB200A-40A8-4FC2-A215-4822ABC9ADFC}.Debug|Any CPU.ActiveCfg = Debug|Any CPU
		{7FDB200A-40A8-4FC2-A215-4822ABC9ADFC}.Debug|Any CPU.Build.0 = Debug|Any CPU
		{7FDB200A-40A8-4FC2-A215-4822ABC9ADFC}.Release|Any CPU.ActiveCfg = Release|Any CPU
		{7FDB200A-40A8-4FC2-A215-4822ABC9ADFC}.Release|Any CPU.Build.0 = Release|Any CPU
		{B861D95A-F9A1-473D-8993-7BADFD31FCB0}.Debug|Any CPU.ActiveCfg = Debug|Any CPU
		{B861D95A-F9A1-473D-8993-7BADFD31FCB0}.Debug|Any CPU.Build.0 = Debug|Any CPU
		{B861D95A-F9A1-473D-8993-7BADFD31FCB0}.Release|Any CPU.ActiveCfg = Release|Any CPU
		{B861D95A-F9A1-473D-8993-7BADFD31FCB0}.Release|Any CPU.Build.0 = Release|Any CPU
	EndGlobalSection
	GlobalSection(SolutionProperties) = preSolution
		HideSolutionNode = FALSE
	EndGlobalSection
	GlobalSection(ExtensibilityGlobals) = postSolution
		SolutionGuid = {3A49530F-E94A-44B1-9222-2D8AC1DC2EBD}
	EndGlobalSection
EndGlobal
